{
  "name": "jquery.ripples",
  "version": "0.6.2",
  "lockfileVersion": 1,
  "requires": true,
  "dependencies": {
    "jquery": {
      "version": "3.5.0",
      "resolved": "https://registry.npmjs.org/jquery/-/jquery-3.5.0.tgz",
      "integrity": "sha512-Xb7SVYMvygPxbFMpTFQiHh1J7HClEaThguL15N/Gg37Lri/qKyhRGZYzHRyLH8Stq3Aow0LsHO2O2ci86fCrNQ==",
      "dev": true
    },
    "rollup": {
      "version": "0.45.1",
      "resolved": "https://registry.npmjs.org/rollup/-/rollup-0.45.1.tgz",
      "integrity": "sha512-uAARayLMSESiUdpwkcDgUky4TwPBQhvpZmz3UuMtNoyeq79iHEM9IyBTB/5TWEBtzz4D/j2x0KAGMOVq6MhO7g==",
      "dev": true
    },
    "rollup-plugin-license": {
      "version": "0.4.0",
      "resolved": "https://registry.npmjs.org/rollup-plugin-license/-/rollup-plugin-license-0.4.0.tgz",
      "integrity": "sha1-ckdVNGP2gq3vf2gEZQJiZE9ncb0=",
      "dev": true
    },
    "rollup-plugin-uglify": {
      "version": "2.0.1",
      "resolved": "https://registry.npmjs.org/rollup-plugin-uglify/-/rollup-plugin-uglify-2.0.1.tgz",
      "integrity": "sha1-Z7N60e/a+9g69MNrQMGJ7khmyWk=",
      "dev": true,
      "dependencies": {
        "uglify-js": {
          "version": "3.0.24",
          "resolved": "https://registry.npmjs.org/uglify-js/-/uglify-js-3.0.24.tgz",
          "integrity": "sha512-IZ7l7MU2j7LIuz6IAFWBOk1dbuQ0QVQsKLffpNPKXuL8NYcFBBQ5QkvMAtfL1+oaBW16344DY4sA26GI9cXzlA=="
        }
      }
    }
  }
}
